{
    "_meta": {
        "hash": {
            "sha256": "ffedf18844e755e0956a70994c4d2ea5e0078f4c8b225e6062709eaef19467c8"
        },
        "pipfile-spec": 6,
        "requires": {
            "python_version": "3.10"
        },
        "sources": [
            {
                "name": "pypi",
                "url": "https://pypi.org/simple",
                "verify_ssl": true
            }
        ]
    },
    "default": {
        "asgiref": {
            "hashes": [
                "sha256:1d2880b792ae8757289136f1db2b7b99100ce959b2aa57fd69dab783d05afac4",
                "sha256:4a29362a6acebe09bf1d6640db38c1dc3d9217c68e6f9f6204d72667fc19a424"
            ],
            "markers": "python_version >= '3.7'",
            "version": "==3.5.2"
        },
        "django": {
            "hashes": [
                "sha256:502ae42b6ab1b612c933fb50d5ff850facf858a4c212f76946ecd8ea5b3bf2d9",
                "sha256:f7431a5de7277966f3785557c3928433347d998c1e6459324501378a291e5aab"
            ],
            "index": "pypi",
            "version": "==4.0.5"
        },
        "django-tinymce": {
            "hashes": [
                "sha256:275653dbf09fbd3347928757d6baf29040b42fe5c5d95396418c36aa4b1517eb",
                "sha256:4241eb201c670892aa8980a130652f4ae818ba24702f078336296d25e9e1658b"
            ],
            "index": "pypi",
            "version": "==3.4.0"
        },
        "python-dotenv": {
            "hashes": [
                "sha256:b7e3b04a59693c42c36f9ab1cc2acc46fa5df8c78e178fc33a8d4cd05c8d498f",
                "sha256:d92a187be61fe482e4fd675b6d52200e7be63a12b724abbf931a40ce4fa92938"
            ],
            "index": "pypi",
            "version": "==0.20.0"
        },
        "sqlparse": {
            "hashes": [
                "sha256:0c00730c74263a94e5a9919ade150dfc3b19c574389985446148402998287dae",
                "sha256:48719e356bb8b42991bdbb1e8b83223757b93789c00910a616a071910ca4a64d"
            ],
            "markers": "python_version >= '3.5'",
            "version": "==0.4.2"
        },
        "tzdata": {
            "hashes": [
                "sha256:238e70234214138ed7b4e8a0fab0e5e13872edab3be586ab8198c407620e2ab9",
                "sha256:8b536a8ec63dc0751342b3984193a3118f8fca2afe25752bb9b7fffd398552d3"
            ],
            "markers": "sys_platform == 'win32'",
            "version": "==2022.1"
        }
    },
    "develop": {}
}
